
Microsoft Visual Studio Solution File, Format Version 12.00
# Visual Studio 15
VisualStudioVersion = 15.0.28010.2026
MinimumVisualStudioVersion = 10.0.40219.1
Project("{FAE04EC0-301F-11D3-BF4B-00C04F79EFBC}") = "ServerTest", "ServerTest\ServerTest.csproj", "{0BAB478E-07C0-4C95-A3E8-235A44402E8F}"
EndProject
Global
	GlobalSection(SolutionConfigurationPlatforms) = preSolution
		Debug|Any CPU = Debug|Any CPU
		Release|Any CPU = Release|Any CPU
	EndGlobalSection
	GlobalSection(ProjectConfigurationPlatforms) = postSolution
		{0BAB478E-07C0-4C95-A3E8-235A44402E8F}.Debug|Any CPU.ActiveCfg = Debug|Any CPU
		{0BAB478E-07C0-4C95-A3E8-235A44402E8F}.Debug|Any CPU.Build.0 = Debug|Any CPU
		{0BAB478E-07C0-4C95-A3E8-235A44402E8F}.Release|Any CPU.ActiveCfg = Release|Any CPU
		{0BAB478E-07C0-4C95-A3E8-235A44402E8F}.Release|Any CPU.Build.0 = Release|Any CPU
	EndGlobalSection
	GlobalSection(SolutionProperties) = preSolution
		HideSolutionNode = FALSE
	EndGlobalSection
	GlobalSection(ExtensibilityGlobals) = postSolution
		SolutionGuid = {07D1B4A7-156C-4EB4-B5A7-94AE126076AF}
	EndGlobalSection
EndGlobal
